// !$*UTF8*$!
{
	archiveVersion = 1;
	classes = {
	};
	objectVersion = 56;
	objects = {

/* Begin PBXBuildFile section */
		1D20CF7F2D03B8280026AA5A /* CoreLocation.framework in Frameworks */ = {isa = PBXBuildFile; fileRef = 1D20CF7E2D03B8280026AA5A /* CoreLocation.framework */; };
		1D2A7F752CF4BCD700E792CC /* AyahView.swift in Sources */ = {isa = PBXBuildFile; fileRef = 1D2A7F742CF4BCD700E792CC /* AyahView.swift */; };
		1D2A7F792CF4BD2A00E792CC /* AyahStore.swift in Sources */ = {isa = PBXBuildFile; fileRef = 1D2A7F782CF4BD2A00E792CC /* AyahStore.swift */; };
		1D365A102CFEE251001DB550 /* PlayButton.swift in Sources */ = {isa = PBXBuildFile; fileRef = 1D365A0F2CFEE251001DB550 /* PlayButton.swift */; };
		1D3FF06B2CF53BEB00997252 /* Hadith.swift in Sources */ = {isa = PBXBuildFile; fileRef = 1D3FF06A2CF53BEB00997252 /* Hadith.swift */; };
		1D3FF06D2CF53BF700997252 /* HadithStore.swift in Sources */ = {isa = PBXBuildFile; fileRef = 1D3FF06C2CF53BF700997252 /* HadithStore.swift */; };
		1D3FF06E2CF5496B00997252 /* Ayah.swift in Sources */ = {isa = PBXBuildFile; fileRef = 1D2A7F762CF4BD0C00E792CC /* Ayah.swift */; };
		1D3FF0702CF5567000997252 /* AyahDetailView.swift in Sources */ = {isa = PBXBuildFile; fileRef = 1D3FF06F2CF5567000997252 /* AyahDetailView.swift */; };
		1D4621ED2CFB0671000EC451 /* BookmarkView.swift in Sources */ = {isa = PBXBuildFile; fileRef = 1D4621EC2CFB0671000EC451 /* BookmarkView.swift */; };
		1D47AAFB2CF428020008C2A5 /* SurahListView.swift in Sources */ = {isa = PBXBuildFile; fileRef = 1D47AAFA2CF428020008C2A5 /* SurahListView.swift */; };
		1D4837242D014B63007751CC /* AyahBookmarkView.swift in Sources */ = {isa = PBXBuildFile; fileRef = 1D4837232D014B63007751CC /* AyahBookmarkView.swift */; };
		1D4837262D014B6E007751CC /* HadithBookmarkView.swift in Sources */ = {isa = PBXBuildFile; fileRef = 1D4837252D014B6E007751CC /* HadithBookmarkView.swift */; };
		1D4E9BFF2CF9863C00CC51CC /* PrayerTimes.swift in Sources */ = {isa = PBXBuildFile; fileRef = 1D4E9BFE2CF9863C00CC51CC /* PrayerTimes.swift */; };
		1D4E9C012CF9865000CC51CC /* PrayerTimesStore.swift in Sources */ = {isa = PBXBuildFile; fileRef = 1D4E9C002CF9865000CC51CC /* PrayerTimesStore.swift */; };
		1D531E832CFEB22300C971E5 /* Location.swift in Sources */ = {isa = PBXBuildFile; fileRef = 1D531E822CFEB22200C971E5 /* Location.swift */; };
		1D531E852CFEB27E00C971E5 /* LocationView.swift in Sources */ = {isa = PBXBuildFile; fileRef = 1D531E842CFEB27E00C971E5 /* LocationView.swift */; };
		1D54ACFC2CF8363600F573EA /* AudioManager.swift in Sources */ = {isa = PBXBuildFile; fileRef = 1D54ACFB2CF8363600F573EA /* AudioManager.swift */; };
		1D54ACFE2CF8367100F573EA /* AudioPlayerView.swift in Sources */ = {isa = PBXBuildFile; fileRef = 1D54ACFD2CF8367100F573EA /* AudioPlayerView.swift */; };
		1D7055F12CC72A7D0008E775 /* NavigationBar.swift in Sources */ = {isa = PBXBuildFile; fileRef = 1D7055F02CC72A7D0008E775 /* NavigationBar.swift */; };
		1D7055F32CC72AA60008E775 /* ToolbarSelection.swift in Sources */ = {isa = PBXBuildFile; fileRef = 1D7055F22CC72AA60008E775 /* ToolbarSelection.swift */; };
		1DA0D6DB2CFD70BC004CA807 /* Bookmark.swift in Sources */ = {isa = PBXBuildFile; fileRef = 1DA0D6DA2CFD70BC004CA807 /* Bookmark.swift */; };
		1DB76B1F2CEAFCD1004BA7F5 /* SurahStore.swift in Sources */ = {isa = PBXBuildFile; fileRef = 1DB76B1E2CEAFCD1004BA7F5 /* SurahStore.swift */; };
		1DB76B212CEAFD39004BA7F5 /* Surah.swift in Sources */ = {isa = PBXBuildFile; fileRef = 1DB76B202CEAFD39004BA7F5 /* Surah.swift */; };
		1DB76B232CEAFDA4004BA7F5 /* SurahStoreDevData.swift in Sources */ = {isa = PBXBuildFile; fileRef = 1DB76B222CEAFDA4004BA7F5 /* SurahStoreDevData.swift */; };
		1DB76B272CEAFF83004BA7F5 /* SurahView.swift in Sources */ = {isa = PBXBuildFile; fileRef = 1DB76B262CEAFF83004BA7F5 /* SurahView.swift */; };
		1DE2D3542D016BB70056A900 /* MemorizationStore.swift in Sources */ = {isa = PBXBuildFile; fileRef = 1DE2D3532D016BB60056A900 /* MemorizationStore.swift */; };
		1DE2D3562D016D210056A900 /* MemorizationView.swift in Sources */ = {isa = PBXBuildFile; fileRef = 1DE2D3552D016D210056A900 /* MemorizationView.swift */; };
		1DE9948C2CC0D1DD00DC92A8 /* NoorQuranApp.swift in Sources */ = {isa = PBXBuildFile; fileRef = 1DE9948B2CC0D1DD00DC92A8 /* NoorQuranApp.swift */; };
		1DE9948E2CC0D1DD00DC92A8 /* ContentView.swift in Sources */ = {isa = PBXBuildFile; fileRef = 1DE9948D2CC0D1DD00DC92A8 /* ContentView.swift */; };
		1DE994902CC0D1DF00DC92A8 /* Assets.xcassets in Resources */ = {isa = PBXBuildFile; fileRef = 1DE9948F2CC0D1DF00DC92A8 /* Assets.xcassets */; };
		1DE994932CC0D1DF00DC92A8 /* Preview Assets.xcassets in Resources */ = {isa = PBXBuildFile; fileRef = 1DE994922CC0D1DF00DC92A8 /* Preview Assets.xcassets */; };
		1DE9949A2CC0D24400DC92A8 /* WelcomeView.swift in Sources */ = {isa = PBXBuildFile; fileRef = 1DE994992CC0D24000DC92A8 /* WelcomeView.swift */; };
		1DE9949F2CC0D6EE00DC92A8 /* AyahSelectorVIew.swift in Sources */ = {isa = PBXBuildFile; fileRef = 1DE9949E2CC0D6EE00DC92A8 /* AyahSelectorVIew.swift */; };
		1DE994A32CC0D72200DC92A8 /* AyaView.swift in Sources */ = {isa = PBXBuildFile; fileRef = 1DE994A22CC0D72200DC92A8 /* AyaView.swift */; };
		1DE994A52CC0D74000DC92A8 /* RecitationView.swift in Sources */ = {isa = PBXBuildFile; fileRef = 1DE994A42CC0D74000DC92A8 /* RecitationView.swift */; };
		1DE994A72CC0D74A00DC92A8 /* HadithView.swift in Sources */ = {isa = PBXBuildFile; fileRef = 1DE994A62CC0D74A00DC92A8 /* HadithView.swift */; };
/* End PBXBuildFile section */

/* Begin PBXFileReference section */
		1D20CF7E2D03B8280026AA5A /* CoreLocation.framework */ = {isa = PBXFileReference; lastKnownFileType = wrapper.framework; name = CoreLocation.framework; path = System/Library/Frameworks/CoreLocation.framework; sourceTree = SDKROOT; };
		1D2A7F742CF4BCD700E792CC /* AyahView.swift */ = {isa = PBXFileReference; lastKnownFileType = sourcecode.swift; path = AyahView.swift; sourceTree = "<group>"; };
		1D2A7F762CF4BD0C00E792CC /* Ayah.swift */ = {isa = PBXFileReference; lastKnownFileType = sourcecode.swift; path = Ayah.swift; sourceTree = "<group>"; };
		1D2A7F782CF4BD2A00E792CC /* AyahStore.swift */ = {isa = PBXFileReference; lastKnownFileType = sourcecode.swift; path = AyahStore.swift; sourceTree = "<group>"; };
		1D365A0F2CFEE251001DB550 /* PlayButton.swift */ = {isa = PBXFileReference; lastKnownFileType = sourcecode.swift; path = PlayButton.swift; sourceTree = "<group>"; };
		1D3FF06A2CF53BEB00997252 /* Hadith.swift */ = {isa = PBXFileReference; lastKnownFileType = sourcecode.swift; path = Hadith.swift; sourceTree = "<group>"; };
		1D3FF06C2CF53BF700997252 /* HadithStore.swift */ = {isa = PBXFileReference; lastKnownFileType = sourcecode.swift; path = HadithStore.swift; sourceTree = "<group>"; };
		1D3FF06F2CF5567000997252 /* AyahDetailView.swift */ = {isa = PBXFileReference; lastKnownFileType = sourcecode.swift; path = AyahDetailView.swift; sourceTree = "<group>"; };
		1D4621EC2CFB0671000EC451 /* BookmarkView.swift */ = {isa = PBXFileReference; lastKnownFileType = sourcecode.swift; path = BookmarkView.swift; sourceTree = "<group>"; };
		1D47AAFA2CF428020008C2A5 /* SurahListView.swift */ = {isa = PBXFileReference; lastKnownFileType = sourcecode.swift; path = SurahListView.swift; sourceTree = "<group>"; };
		1D4837232D014B63007751CC /* AyahBookmarkView.swift */ = {isa = PBXFileReference; lastKnownFileType = sourcecode.swift; path = AyahBookmarkView.swift; sourceTree = "<group>"; };
		1D4837252D014B6E007751CC /* HadithBookmarkView.swift */ = {isa = PBXFileReference; lastKnownFileType = sourcecode.swift; path = HadithBookmarkView.swift; sourceTree = "<group>"; };
		1D4E9BFE2CF9863C00CC51CC /* PrayerTimes.swift */ = {isa = PBXFileReference; lastKnownFileType = sourcecode.swift; path = PrayerTimes.swift; sourceTree = "<group>"; };
		1D4E9C002CF9865000CC51CC /* PrayerTimesStore.swift */ = {isa = PBXFileReference; lastKnownFileType = sourcecode.swift; path = PrayerTimesStore.swift; sourceTree = "<group>"; };
		1D531E822CFEB22200C971E5 /* Location.swift */ = {isa = PBXFileReference; lastKnownFileType = sourcecode.swift; path = Location.swift; sourceTree = "<group>"; };
		1D531E842CFEB27E00C971E5 /* LocationView.swift */ = {isa = PBXFileReference; lastKnownFileType = sourcecode.swift; path = LocationView.swift; sourceTree = "<group>"; };
		1D54ACFB2CF8363600F573EA /* AudioManager.swift */ = {isa = PBXFileReference; lastKnownFileType = sourcecode.swift; path = AudioManager.swift; sourceTree = "<group>"; };
		1D54ACFD2CF8367100F573EA /* AudioPlayerView.swift */ = {isa = PBXFileReference; lastKnownFileType = sourcecode.swift; path = AudioPlayerView.swift; sourceTree = "<group>"; };
		1D7055F02CC72A7D0008E775 /* NavigationBar.swift */ = {isa = PBXFileReference; lastKnownFileType = sourcecode.swift; path = NavigationBar.swift; sourceTree = "<group>"; };
		1D7055F22CC72AA60008E775 /* ToolbarSelection.swift */ = {isa = PBXFileReference; lastKnownFileType = sourcecode.swift; path = ToolbarSelection.swift; sourceTree = "<group>"; };
		1DA0D6DA2CFD70BC004CA807 /* Bookmark.swift */ = {isa = PBXFileReference; lastKnownFileType = sourcecode.swift; path = Bookmark.swift; sourceTree = "<group>"; };
		1DB76B1E2CEAFCD1004BA7F5 /* SurahStore.swift */ = {isa = PBXFileReference; lastKnownFileType = sourcecode.swift; path = SurahStore.swift; sourceTree = "<group>"; };
		1DB76B202CEAFD39004BA7F5 /* Surah.swift */ = {isa = PBXFileReference; lastKnownFileType = sourcecode.swift; path = Surah.swift; sourceTree = "<group>"; };
		1DB76B222CEAFDA4004BA7F5 /* SurahStoreDevData.swift */ = {isa = PBXFileReference; lastKnownFileType = sourcecode.swift; path = SurahStoreDevData.swift; sourceTree = "<group>"; };
		1DB76B262CEAFF83004BA7F5 /* SurahView.swift */ = {isa = PBXFileReference; lastKnownFileType = sourcecode.swift; path = SurahView.swift; sourceTree = "<group>"; };
		1DE2D3532D016BB60056A900 /* MemorizationStore.swift */ = {isa = PBXFileReference; lastKnownFileType = sourcecode.swift; path = MemorizationStore.swift; sourceTree = "<group>"; };
		1DE2D3552D016D210056A900 /* MemorizationView.swift */ = {isa = PBXFileReference; lastKnownFileType = sourcecode.swift; path = MemorizationView.swift; sourceTree = "<group>"; };
		1DE994882CC0D1DD00DC92A8 /* NoorQuran.app */ = {isa = PBXFileReference; explicitFileType = wrapper.application; includeInIndex = 0; path = NoorQuran.app; sourceTree = BUILT_PRODUCTS_DIR; };
		1DE9948B2CC0D1DD00DC92A8 /* NoorQuranApp.swift */ = {isa = PBXFileReference; lastKnownFileType = sourcecode.swift; path = NoorQuranApp.swift; sourceTree = "<group>"; };
		1DE9948D2CC0D1DD00DC92A8 /* ContentView.swift */ = {isa = PBXFileReference; lastKnownFileType = sourcecode.swift; path = ContentView.swift; sourceTree = "<group>"; };
		1DE9948F2CC0D1DF00DC92A8 /* Assets.xcassets */ = {isa = PBXFileReference; lastKnownFileType = folder.assetcatalog; path = Assets.xcassets; sourceTree = "<group>"; };
		1DE994922CC0D1DF00DC92A8 /* Preview Assets.xcassets */ = {isa = PBXFileReference; lastKnownFileType = folder.assetcatalog; path = "Preview Assets.xcassets"; sourceTree = "<group>"; };
		1DE994992CC0D24000DC92A8 /* WelcomeView.swift */ = {isa = PBXFileReference; lastKnownFileType = sourcecode.swift; path = WelcomeView.swift; sourceTree = "<group>"; };
		1DE9949E2CC0D6EE00DC92A8 /* AyahSelectorVIew.swift */ = {isa = PBXFileReference; lastKnownFileType = sourcecode.swift; path = AyahSelectorVIew.swift; sourceTree = "<group>"; };
		1DE994A22CC0D72200DC92A8 /* AyaView.swift */ = {isa = PBXFileReference; lastKnownFileType = sourcecode.swift; path = AyaView.swift; sourceTree = "<group>"; };
		1DE994A42CC0D74000DC92A8 /* RecitationView.swift */ = {isa = PBXFileReference; lastKnownFileType = sourcecode.swift; path = RecitationView.swift; sourceTree = "<group>"; };
		1DE994A62CC0D74A00DC92A8 /* HadithView.swift */ = {isa = PBXFileReference; lastKnownFileType = sourcecode.swift; path = HadithView.swift; sourceTree = "<group>"; };
/* End PBXFileReference section */

/* Begin PBXFrameworksBuildPhase section */
		1DE994852CC0D1DD00DC92A8 /* Frameworks */ = {
			isa = PBXFrameworksBuildPhase;
			buildActionMask = 2147483647;
			files = (
				1D20CF7F2D03B8280026AA5A /* CoreLocation.framework in Frameworks */,
			);
			runOnlyForDeploymentPostprocessing = 0;
		};
/* End PBXFrameworksBuildPhase section */

/* Begin PBXGroup section */
		1D20CF7D2D03B8280026AA5A /* Frameworks */ = {
			isa = PBXGroup;
			children = (
				1D20CF7E2D03B8280026AA5A /* CoreLocation.framework */,
			);
			name = Frameworks;
			sourceTree = "<group>";
		};
		1DE9947F2CC0D1DD00DC92A8 = {
			isa = PBXGroup;
			children = (
				1DE9948A2CC0D1DD00DC92A8 /* NoorQuran */,
				1DE994892CC0D1DD00DC92A8 /* Products */,
				1D20CF7D2D03B8280026AA5A /* Frameworks */,
			);
			sourceTree = "<group>";
		};
		1DE994892CC0D1DD00DC92A8 /* Products */ = {
			isa = PBXGroup;
			children = (
				1DE994882CC0D1DD00DC92A8 /* NoorQuran.app */,
			);
			name = Products;
			sourceTree = "<group>";
		};
		1DE9948A2CC0D1DD00DC92A8 /* NoorQuran */ = {
			isa = PBXGroup;
			children = (
				1DE9948B2CC0D1DD00DC92A8 /* NoorQuranApp.swift */,
				1DE9948D2CC0D1DD00DC92A8 /* ContentView.swift */,
				1D2A7F762CF4BD0C00E792CC /* Ayah.swift */,
				1D2A7F782CF4BD2A00E792CC /* AyahStore.swift */,
				1D4E9BFE2CF9863C00CC51CC /* PrayerTimes.swift */,
				1D4E9C002CF9865000CC51CC /* PrayerTimesStore.swift */,
				1D3FF06C2CF53BF700997252 /* HadithStore.swift */,
				1DA0D6DA2CFD70BC004CA807 /* Bookmark.swift */,
				1DE2D3532D016BB60056A900 /* MemorizationStore.swift */,
				1D531E822CFEB22200C971E5 /* Location.swift */,
				1DB76B202CEAFD39004BA7F5 /* Surah.swift */,
				1DB76B1E2CEAFCD1004BA7F5 /* SurahStore.swift */,
				1D3FF06A2CF53BEB00997252 /* Hadith.swift */,
				1D54ACFB2CF8363600F573EA /* AudioManager.swift */,
				1DE9949B2CC0D6A000DC92A8 /* Views */,
				1DE9948F2CC0D1DF00DC92A8 /* Assets.xcassets */,
				1DE994912CC0D1DF00DC92A8 /* Preview Content */,
			);
			path = NoorQuran;
			sourceTree = "<group>";
		};
		1DE994912CC0D1DF00DC92A8 /* Preview Content */ = {
			isa = PBXGroup;
			children = (
				1DE994922CC0D1DF00DC92A8 /* Preview Assets.xcassets */,
				1DB76B222CEAFDA4004BA7F5 /* SurahStoreDevData.swift */,
			);
			path = "Preview Content";
			sourceTree = "<group>";
		};
		1DE9949B2CC0D6A000DC92A8 /* Views */ = {
			isa = PBXGroup;
			children = (
				1DE994992CC0D24000DC92A8 /* WelcomeView.swift */,
				1DE2D3552D016D210056A900 /* MemorizationView.swift */,
				1D47AAFA2CF428020008C2A5 /* SurahListView.swift */,
				1D531E842CFEB27E00C971E5 /* LocationView.swift */,
				1DB76B262CEAFF83004BA7F5 /* SurahView.swift */,
				1D4837232D014B63007751CC /* AyahBookmarkView.swift */,
				1D4837252D014B6E007751CC /* HadithBookmarkView.swift */,
				1D365A0F2CFEE251001DB550 /* PlayButton.swift */,
				1D2A7F742CF4BCD700E792CC /* AyahView.swift */,
				1D4621EC2CFB0671000EC451 /* BookmarkView.swift */,
				1D54ACFD2CF8367100F573EA /* AudioPlayerView.swift */,
				1D3FF06F2CF5567000997252 /* AyahDetailView.swift */,
				1DE994A62CC0D74A00DC92A8 /* HadithView.swift */,
				1DE994A42CC0D74000DC92A8 /* RecitationView.swift */,
				1D7055F22CC72AA60008E775 /* ToolbarSelection.swift */,
				1D7055F02CC72A7D0008E775 /* NavigationBar.swift */,
				1DE9949E2CC0D6EE00DC92A8 /* AyahSelectorVIew.swift */,
				1DE994A22CC0D72200DC92A8 /* AyaView.swift */,
			);
			path = Views;
			sourceTree = "<group>";
		};
/* End PBXGroup section */

/* Begin PBXNativeTarget section */
		1DE994872CC0D1DD00DC92A8 /* NoorQuran */ = {
			isa = PBXNativeTarget;
			buildConfigurationList = 1DE994962CC0D1DF00DC92A8 /* Build configuration list for PBXNativeTarget "NoorQuran" */;
			buildPhases = (
				1DE994842CC0D1DD00DC92A8 /* Sources */,
				1DE994852CC0D1DD00DC92A8 /* Frameworks */,
				1DE994862CC0D1DD00DC92A8 /* Resources */,
			);
			buildRules = (
			);
			dependencies = (
			);
			name = NoorQuran;
			productName = NoorQuran;
			productReference = 1DE994882CC0D1DD00DC92A8 /* NoorQuran.app */;
			productType = "com.apple.product-type.application";
		};
/* End PBXNativeTarget section */

/* Begin PBXProject section */
		1DE994802CC0D1DD00DC92A8 /* Project object */ = {
			isa = PBXProject;
			attributes = {
				BuildIndependentTargetsInParallel = 1;
				LastSwiftUpdateCheck = 1430;
				LastUpgradeCheck = 1430;
				TargetAttributes = {
					1DE994872CC0D1DD00DC92A8 = {
						CreatedOnToolsVersion = 14.3.1;
					};
				};
			};
			buildConfigurationList = 1DE994832CC0D1DD00DC92A8 /* Build configuration list for PBXProject "NoorQuran" */;
			compatibilityVersion = "Xcode 14.0";
			developmentRegion = en;
			hasScannedForEncodings = 0;
			knownRegions = (
				en,
				Base,
			);
			mainGroup = 1DE9947F2CC0D1DD00DC92A8;
			productRefGroup = 1DE994892CC0D1DD00DC92A8 /* Products */;
			projectDirPath = "";
			projectRoot = "";
			targets = (
				1DE994872CC0D1DD00DC92A8 /* NoorQuran */,
			);
		};
/* End PBXProject section */

/* Begin PBXResourcesBuildPhase section */
		1DE994862CC0D1DD00DC92A8 /* Resources */ = {
			isa = PBXResourcesBuildPhase;
			buildActionMask = 2147483647;
			files = (
				1DE994932CC0D1DF00DC92A8 /* Preview Assets.xcassets in Resources */,
				1DE994902CC0D1DF00DC92A8 /* Assets.xcassets in Resources */,
			);
			runOnlyForDeploymentPostprocessing = 0;
		};
/* End PBXResourcesBuildPhase section */

/* Begin PBXSourcesBuildPhase section */
		1DE994842CC0D1DD00DC92A8 /* Sources */ = {
			isa = PBXSourcesBuildPhase;
			buildActionMask = 2147483647;
			files = (
				1DE994A32CC0D72200DC92A8 /* AyaView.swift in Sources */,
				1D4837242D014B63007751CC /* AyahBookmarkView.swift in Sources */,
				1D4E9BFF2CF9863C00CC51CC /* PrayerTimes.swift in Sources */,
				1D7055F32CC72AA60008E775 /* ToolbarSelection.swift in Sources */,
				1D4E9C012CF9865000CC51CC /* PrayerTimesStore.swift in Sources */,
				1DE9949F2CC0D6EE00DC92A8 /* AyahSelectorVIew.swift in Sources */,
				1D2A7F752CF4BCD700E792CC /* AyahView.swift in Sources */,
				1DE994A72CC0D74A00DC92A8 /* HadithView.swift in Sources */,
				1D7055F12CC72A7D0008E775 /* NavigationBar.swift in Sources */,
				1D54ACFC2CF8363600F573EA /* AudioManager.swift in Sources */,
				1DA0D6DB2CFD70BC004CA807 /* Bookmark.swift in Sources */,
				1D3FF06B2CF53BEB00997252 /* Hadith.swift in Sources */,
				1DE994A52CC0D74000DC92A8 /* RecitationView.swift in Sources */,
				1DB76B272CEAFF83004BA7F5 /* SurahView.swift in Sources */,
				1D531E832CFEB22300C971E5 /* Location.swift in Sources */,
				1DE9948E2CC0D1DD00DC92A8 /* ContentView.swift in Sources */,
				1DB76B232CEAFDA4004BA7F5 /* SurahStoreDevData.swift in Sources */,
				1D47AAFB2CF428020008C2A5 /* SurahListView.swift in Sources */,
				1DE2D3562D016D210056A900 /* MemorizationView.swift in Sources */,
				1D4837262D014B6E007751CC /* HadithBookmarkView.swift in Sources */,
				1D365A102CFEE251001DB550 /* PlayButton.swift in Sources */,
				1DE9949A2CC0D24400DC92A8 /* WelcomeView.swift in Sources */,
				1DE9948C2CC0D1DD00DC92A8 /* NoorQuranApp.swift in Sources */,
				1D54ACFE2CF8367100F573EA /* AudioPlayerView.swift in Sources */,
				1DB76B212CEAFD39004BA7F5 /* Surah.swift in Sources */,
				1D3FF06E2CF5496B00997252 /* Ayah.swift in Sources */,
				1D2A7F792CF4BD2A00E792CC /* AyahStore.swift in Sources */,
				1D4621ED2CFB0671000EC451 /* BookmarkView.swift in Sources */,
				1D3FF0702CF5567000997252 /* AyahDetailView.swift in Sources */,
				1D531E852CFEB27E00C971E5 /* LocationView.swift in Sources */,
				1DE2D3542D016BB70056A900 /* MemorizationStore.swift in Sources */,
				1DB76B1F2CEAFCD1004BA7F5 /* SurahStore.swift in Sources */,
				1D3FF06D2CF53BF700997252 /* HadithStore.swift in Sources */,
			);
			runOnlyForDeploymentPostprocessing = 0;
		};
/* End PBXSourcesBuildPhase section */

/* Begin XCBuildConfiguration section */
		1DE994942CC0D1DF00DC92A8 /* Debug */ = {
			isa = XCBuildConfiguration;
			buildSettings = {
				ALWAYS_SEARCH_USER_PATHS = NO;
				CLANG_ANALYZER_NONNULL = YES;
				CLANG_ANALYZER_NUMBER_OBJECT_CONVERSION = YES_AGGRESSIVE;
				CLANG_CXX_LANGUAGE_STANDARD = "gnu++20";
				CLANG_ENABLE_MODULES = YES;
				CLANG_ENABLE_OBJC_ARC = YES;
				CLANG_ENABLE_OBJC_WEAK = YES;
				CLANG_WARN_BLOCK_CAPTURE_AUTORELEASING = YES;
				CLANG_WARN_BOOL_CONVERSION = YES;
				CLANG_WARN_COMMA = YES;
				CLANG_WARN_CONSTANT_CONVERSION = YES;
				CLANG_WARN_DEPRECATED_OBJC_IMPLEMENTATIONS = YES;
				CLANG_WARN_DIRECT_OBJC_ISA_USAGE = YES_ERROR;
				CLANG_WARN_DOCUMENTATION_COMMENTS = YES;
				CLANG_WARN_EMPTY_BODY = YES;
				CLANG_WARN_ENUM_CONVERSION = YES;
				CLANG_WARN_INFINITE_RECURSION = YES;
				CLANG_WARN_INT_CONVERSION = YES;
				CLANG_WARN_NON_LITERAL_NULL_CONVERSION = YES;
				CLANG_WARN_OBJC_IMPLICIT_RETAIN_SELF = YES;
				CLANG_WARN_OBJC_LITERAL_CONVERSION = YES;
				CLANG_WARN_OBJC_ROOT_CLASS = YES_ERROR;
				CLANG_WARN_QUOTED_INCLUDE_IN_FRAMEWORK_HEADER = YES;
				CLANG_WARN_RANGE_LOOP_ANALYSIS = YES;
				CLANG_WARN_STRICT_PROTOTYPES = YES;
				CLANG_WARN_SUSPICIOUS_MOVE = YES;
				CLANG_WARN_UNGUARDED_AVAILABILITY = YES_AGGRESSIVE;
				CLANG_WARN_UNREACHABLE_CODE = YES;
				CLANG_WARN__DUPLICATE_METHOD_MATCH = YES;
				COPY_PHASE_STRIP = NO;
				DEBUG_INFORMATION_FORMAT = dwarf;
				ENABLE_STRICT_OBJC_MSGSEND = YES;
				ENABLE_TESTABILITY = YES;
				GCC_C_LANGUAGE_STANDARD = gnu11;
				GCC_DYNAMIC_NO_PIC = NO;
				GCC_NO_COMMON_BLOCKS = YES;
				GCC_OPTIMIZATION_LEVEL = 0;
				GCC_PREPROCESSOR_DEFINITIONS = (
					"DEBUG=1",
					"$(inherited)",
				);
				GCC_WARN_64_TO_32_BIT_CONVERSION = YES;
				GCC_WARN_ABOUT_RETURN_TYPE = YES_ERROR;
				GCC_WARN_UNDECLARED_SELECTOR = YES;
				GCC_WARN_UNINITIALIZED_AUTOS = YES_AGGRESSIVE;
				GCC_WARN_UNUSED_FUNCTION = YES;
				GCC_WARN_UNUSED_VARIABLE = YES;
				IPHONEOS_DEPLOYMENT_TARGET = 16.4;
				MTL_ENABLE_DEBUG_INFO = INCLUDE_SOURCE;
				MTL_FAST_MATH = YES;
				ONLY_ACTIVE_ARCH = YES;
				SDKROOT = iphoneos;
				SWIFT_ACTIVE_COMPILATION_CONDITIONS = DEBUG;
				SWIFT_OPTIMIZATION_LEVEL = "-Onone";
			};
			name = Debug;
		};
		1DE994952CC0D1DF00DC92A8 /* Release */ = {
			isa = XCBuildConfiguration;
			buildSettings = {
				ALWAYS_SEARCH_USER_PATHS = NO;
				CLANG_ANALYZER_NONNULL = YES;
				CLANG_ANALYZER_NUMBER_OBJECT_CONVERSION = YES_AGGRESSIVE;
				CLANG_CXX_LANGUAGE_STANDARD = "gnu++20";
				CLANG_ENABLE_MODULES = YES;
				CLANG_ENABLE_OBJC_ARC = YES;
				CLANG_ENABLE_OBJC_WEAK = YES;
				CLANG_WARN_BLOCK_CAPTURE_AUTORELEASING = YES;
				CLANG_WARN_BOOL_CONVERSION = YES;
				CLANG_WARN_COMMA = YES;
				CLANG_WARN_CONSTANT_CONVERSION = YES;
				CLANG_WARN_DEPRECATED_OBJC_IMPLEMENTATIONS = YES;
				CLANG_WARN_DIRECT_OBJC_ISA_USAGE = YES_ERROR;
				CLANG_WARN_DOCUMENTATION_COMMENTS = YES;
				CLANG_WARN_EMPTY_BODY = YES;
				CLANG_WARN_ENUM_CONVERSION = YES;
				CLANG_WARN_INFINITE_RECURSION = YES;
				CLANG_WARN_INT_CONVERSION = YES;
				CLANG_WARN_NON_LITERAL_NULL_CONVERSION = YES;
				CLANG_WARN_OBJC_IMPLICIT_RETAIN_SELF = YES;
				CLANG_WARN_OBJC_LITERAL_CONVERSION = YES;
				CLANG_WARN_OBJC_ROOT_CLASS = YES_ERROR;
				CLANG_WARN_QUOTED_INCLUDE_IN_FRAMEWORK_HEADER = YES;
				CLANG_WARN_RANGE_LOOP_ANALYSIS = YES;
				CLANG_WARN_STRICT_PROTOTYPES = YES;
				CLANG_WARN_SUSPICIOUS_MOVE = YES;
				CLANG_WARN_UNGUARDED_AVAILABILITY = YES_AGGRESSIVE;
				CLANG_WARN_UNREACHABLE_CODE = YES;
				CLANG_WARN__DUPLICATE_METHOD_MATCH = YES;
				COPY_PHASE_STRIP = NO;
				DEBUG_INFORMATION_FORMAT = "dwarf-with-dsym";
				ENABLE_NS_ASSERTIONS = NO;
				ENABLE_STRICT_OBJC_MSGSEND = YES;
				GCC_C_LANGUAGE_STANDARD = gnu11;
				GCC_NO_COMMON_BLOCKS = YES;
				GCC_WARN_64_TO_32_BIT_CONVERSION = YES;
				GCC_WARN_ABOUT_RETURN_TYPE = YES_ERROR;
				GCC_WARN_UNDECLARED_SELECTOR = YES;
				GCC_WARN_UNINITIALIZED_AUTOS = YES_AGGRESSIVE;
				GCC_WARN_UNUSED_FUNCTION = YES;
				GCC_WARN_UNUSED_VARIABLE = YES;
				IPHONEOS_DEPLOYMENT_TARGET = 16.4;
				MTL_ENABLE_DEBUG_INFO = NO;
				MTL_FAST_MATH = YES;
				SDKROOT = iphoneos;
				SWIFT_COMPILATION_MODE = wholemodule;
				SWIFT_OPTIMIZATION_LEVEL = "-O";
				VALIDATE_PRODUCT = YES;
			};
			name = Release;
		};
		1DE994972CC0D1DF00DC92A8 /* Debug */ = {
			isa = XCBuildConfiguration;
			buildSettings = {
				ASSETCATALOG_COMPILER_APPICON_NAME = AppIcon;
				ASSETCATALOG_COMPILER_GLOBAL_ACCENT_COLOR_NAME = AccentColor;
				CODE_SIGN_STYLE = Automatic;
				CURRENT_PROJECT_VERSION = 1;
				DEVELOPMENT_ASSET_PATHS = "\"NoorQuran/Preview Content\"";
				DEVELOPMENT_TEAM = 636GNMMNFB;
				ENABLE_PREVIEWS = YES;
				GENERATE_INFOPLIST_FILE = YES;
				INFOPLIST_KEY_NSLocationWhenInUseUsageDescription = "\"This app needs your location to show prayer times.\"";
				INFOPLIST_KEY_UIApplicationSceneManifest_Generation = YES;
				INFOPLIST_KEY_UIApplicationSupportsIndirectInputEvents = YES;
				INFOPLIST_KEY_UILaunchScreen_Generation = YES;
				INFOPLIST_KEY_UISupportedInterfaceOrientations_iPad = "UIInterfaceOrientationPortrait UIInterfaceOrientationPortraitUpsideDown UIInterfaceOrientationLandscapeLeft UIInterfaceOrientationLandscapeRight";
				INFOPLIST_KEY_UISupportedInterfaceOrientations_iPhone = "UIInterfaceOrientationPortrait UIInterfaceOrientationLandscapeLeft UIInterfaceOrientationLandscapeRight";
				LD_RUNPATH_SEARCH_PATHS = (
					"$(inherited)",
					"@executable_path/Frameworks",
				);
				MARKETING_VERSION = 1.0;
				PRODUCT_BUNDLE_IDENTIFIER = org.tesne.NoorQuran;
				PRODUCT_NAME = "$(TARGET_NAME)";
				SWIFT_EMIT_LOC_STRINGS = YES;
				SWIFT_VERSION = 5.0;
				TARGETED_DEVICE_FAMILY = "1,2";
			};
			name = Debug;
		};
		1DE994982CC0D1DF00DC92A8 /* Release */ = {
			isa = XCBuildConfiguration;
			buildSettings = {
				ASSETCATALOG_COMPILER_APPICON_NAME = AppIcon;
				ASSETCATALOG_COMPILER_GLOBAL_ACCENT_COLOR_NAME = AccentColor;
				CODE_SIGN_STYLE = Automatic;
				CURRENT_PROJECT_VERSION = 1;
				DEVELOPMENT_ASSET_PATHS = "\"NoorQuran/Preview Content\"";
				DEVELOPMENT_TEAM = 636GNMMNFB;
				ENABLE_PREVIEWS = YES;
				GENERATE_INFOPLIST_FILE = YES;
				INFOPLIST_KEY_NSLocationWhenInUseUsageDescription = "\"This app needs your location to show prayer times.\"";
				INFOPLIST_KEY_UIApplicationSceneManifest_Generation = YES;
				INFOPLIST_KEY_UIApplicationSupportsIndirectInputEvents = YES;
				INFOPLIST_KEY_UILaunchScreen_Generation = YES;
				INFOPLIST_KEY_UISupportedInterfaceOrientations_iPad = "UIInterfaceOrientationPortrait UIInterfaceOrientationPortraitUpsideDown UIInterfaceOrientationLandscapeLeft UIInterfaceOrientationLandscapeRight";
				INFOPLIST_KEY_UISupportedInterfaceOrientations_iPhone = "UIInterfaceOrientationPortrait UIInterfaceOrientationLandscapeLeft UIInterfaceOrientationLandscapeRight";
				LD_RUNPATH_SEARCH_PATHS = (
					"$(inherited)",
					"@executable_path/Frameworks",
				);
				MARKETING_VERSION = 1.0;
				PRODUCT_BUNDLE_IDENTIFIER = org.tesne.NoorQuran;
				PRODUCT_NAME = "$(TARGET_NAME)";
				SWIFT_EMIT_LOC_STRINGS = YES;
				SWIFT_VERSION = 5.0;
				TARGETED_DEVICE_FAMILY = "1,2";
			};
			name = Release;
		};
/* End XCBuildConfiguration section */

/* Begin XCConfigurationList section */
		1DE994832CC0D1DD00DC92A8 /* Build configuration list for PBXProject "NoorQuran" */ = {
			isa = XCConfigurationList;
			buildConfigurations = (
				1DE994942CC0D1DF00DC92A8 /* Debug */,
				1DE994952CC0D1DF00DC92A8 /* Release */,
			);
			defaultConfigurationIsVisible = 0;
			defaultConfigurationName = Release;
		};
		1DE994962CC0D1DF00DC92A8 /* Build configuration list for PBXNativeTarget "NoorQuran" */ = {
			isa = XCConfigurationList;
			buildConfigurations = (
				1DE994972CC0D1DF00DC92A8 /* Debug */,
				1DE994982CC0D1DF00DC92A8 /* Release */,
			);
			defaultConfigurationIsVisible = 0;
			defaultConfigurationName = Release;
		};
/* End XCConfigurationList section */
	};
	rootObject = 1DE994802CC0D1DD00DC92A8 /* Project object */;
}
